{
    "version": 3,
    "terraform_version": "0.11.7",
    "serial": 15,
    "lineage": "266ea29d-011b-db4e-41f5-3e85cf63cc21",
    "modules": [
        {
            "path": [
                "root"
            ],
            "outputs": {
                "dns_name": {
                    "sensitive": false,
                    "type": "string",
                    "value": "fs-cbf0cf83.efs.us-east-1.amazonaws.com"
                },
                "id": {
                    "sensitive": false,
                    "type": "string",
                    "value": "fs-cbf0cf83"
                },
                "mount_target_ids": {
                    "sensitive": false,
                    "type": "list",
                    "value": [
                        "fsmt-72e3b73a",
                        "fsmt-73e3b73b"
                    ]
                },
                "mount_target_ips": {
                    "sensitive": false,
                    "type": "list",
                    "value": [
                        "10.0.1.221",
                        "10.0.2.151"
                    ]
                }
            },
            "resources": {
                "aws_efs_file_system.Drupal_efs": {
                    "type": "aws_efs_file_system",
                    "depends_on": [],
                    "primary": {
                        "id": "fs-cbf0cf83",
                        "attributes": {
                            "creation_token": "Drupal_efs",
                            "dns_name": "fs-cbf0cf83.efs.us-east-1.amazonaws.com",
                            "encrypted": "false",
                            "id": "fs-cbf0cf83",
                            "kms_key_id": "",
                            "performance_mode": "generalPurpose",
                            "tags.%": "1",
                            "tags.Name": "Drupal_efs"
                        },
                        "meta": {},
                        "tainted": false
                    },
                    "deposed": [],
                    "provider": "provider.aws"
                },
                "aws_efs_mount_target.Drupal_efs_mount.0": {
                    "type": "aws_efs_mount_target",
                    "depends_on": [
                        "aws_efs_file_system.Drupal_efs",
                        "aws_security_group.efs_SG",
                        "aws_subnet.Public_subnet.*"
                    ],
                    "primary": {
                        "id": "fsmt-72e3b73a",
                        "attributes": {
                            "dns_name": "fs-cbf0cf83.efs.us-east-1.amazonaws.com",
                            "file_system_id": "fs-cbf0cf83",
                            "id": "fsmt-72e3b73a",
                            "ip_address": "10.0.1.221",
                            "network_interface_id": "eni-65ec3502",
                            "security_groups.#": "1",
                            "security_groups.3443415857": "sg-bca436f6",
                            "subnet_id": "subnet-951859df"
                        },
                        "meta": {},
                        "tainted": false
                    },
                    "deposed": [],
                    "provider": "provider.aws"
                },
                "aws_efs_mount_target.Drupal_efs_mount.1": {
                    "type": "aws_efs_mount_target",
                    "depends_on": [
                        "aws_efs_file_system.Drupal_efs",
                        "aws_security_group.efs_SG",
                        "aws_subnet.Public_subnet.*"
                    ],
                    "primary": {
                        "id": "fsmt-73e3b73b",
                        "attributes": {
                            "dns_name": "fs-cbf0cf83.efs.us-east-1.amazonaws.com",
                            "file_system_id": "fs-cbf0cf83",
                            "id": "fsmt-73e3b73b",
                            "ip_address": "10.0.2.151",
                            "network_interface_id": "eni-627ea452",
                            "security_groups.#": "1",
                            "security_groups.3443415857": "sg-bca436f6",
                            "subnet_id": "subnet-b10ebded"
                        },
                        "meta": {},
                        "tainted": false
                    },
                    "deposed": [],
                    "provider": "provider.aws"
                },
                "aws_eip.Nat_eip.0": {
                    "type": "aws_eip",
                    "depends_on": [],
                    "primary": {
                        "id": "eipalloc-e648aaed",
                        "attributes": {
                            "association_id": "",
                            "domain": "vpc",
                            "id": "eipalloc-e648aaed",
                            "instance": "",
                            "network_interface": "",
                            "private_ip": "",
                            "public_ip": "18.210.0.80",
                            "tags.%": "1",
                            "tags.Name": "Nat_EIP-1",
                            "vpc": "true"
                        },
                        "meta": {
                            "e2bfb730-ecaa-11e6-8f88-34363bc7c4c0": {
                                "delete": 180000000000,
                                "read": 900000000000,
                                "update": 300000000000
                            }
                        },
                        "tainted": false
                    },
                    "deposed": [],
                    "provider": "provider.aws"
                },
                "aws_eip.Nat_eip.1": {
                    "type": "aws_eip",
                    "depends_on": [],
                    "primary": {
                        "id": "eipalloc-b64ba9bd",
                        "attributes": {
                            "association_id": "",
                            "domain": "vpc",
                            "id": "eipalloc-b64ba9bd",
                            "instance": "",
                            "network_interface": "",
                            "private_ip": "",
                            "public_ip": "18.211.8.88",
                            "tags.%": "1",
                            "tags.Name": "Nat_EIP-2",
                            "vpc": "true"
                        },
                        "meta": {
                            "e2bfb730-ecaa-11e6-8f88-34363bc7c4c0": {
                                "delete": 180000000000,
                                "read": 900000000000,
                                "update": 300000000000
                            }
                        },
                        "tainted": false
                    },
                    "deposed": [],
                    "provider": "provider.aws"
                },
                "aws_instance.my-instances.0": {
                    "type": "aws_instance",
                    "depends_on": [
                        "aws_security_group.Bastion_SG",
                        "aws_subnet.Public_subnet.*"
                    ],
                    "primary": {
                        "id": "i-0bd6fba8e02f304c5",
                        "attributes": {
                            "ami": "ami-6871a115",
                            "associate_public_ip_address": "true",
                            "availability_zone": "us-east-1a",
                            "credit_specification.#": "1",
                            "credit_specification.0.cpu_credits": "standard",
                            "disable_api_termination": "false",
                            "ebs_block_device.#": "0",
                            "ebs_optimized": "false",
                            "ephemeral_block_device.#": "0",
                            "get_password_data": "false",
                            "iam_instance_profile": "",
                            "id": "i-0bd6fba8e02f304c5",
                            "instance_state": "running",
                            "instance_type": "t2.micro",
                            "ipv6_addresses.#": "0",
                            "key_name": "My-us-east-key",
                            "monitoring": "false",
                            "network_interface.#": "0",
                            "network_interface_id": "eni-57e83130",
                            "password_data": "",
                            "placement_group": "",
                            "primary_network_interface_id": "eni-57e83130",
                            "private_dns": "ip-10-0-1-143.ec2.internal",
                            "private_ip": "10.0.1.143",
                            "public_dns": "ec2-107-21-129-174.compute-1.amazonaws.com",
                            "public_ip": "107.21.129.174",
                            "root_block_device.#": "1",
                            "root_block_device.0.delete_on_termination": "true",
                            "root_block_device.0.iops": "100",
                            "root_block_device.0.volume_id": "vol-03d75119156cc55b2",
                            "root_block_device.0.volume_size": "10",
                            "root_block_device.0.volume_type": "gp2",
                            "security_groups.#": "0",
                            "source_dest_check": "true",
                            "subnet_id": "subnet-951859df",
                            "tags.%": "1",
                            "tags.Name": "Terraform-1",
                            "tenancy": "default",
                            "user_data": "f8f6ae092b3b2f1c5911763041d5ca8acfaf422c",
                            "volume_tags.%": "0",
                            "vpc_security_group_ids.#": "1",
                            "vpc_security_group_ids.1008574170": "sg-49a63403"
                        },
                        "meta": {
                            "e2bfb730-ecaa-11e6-8f88-34363bc7c4c0": {
                                "create": 600000000000,
                                "delete": 1200000000000,
                                "update": 600000000000
                            },
                            "schema_version": "1"
                        },
                        "tainted": false
                    },
                    "deposed": [],
                    "provider": "provider.aws"
                },
                "aws_instance.my-instances.1": {
                    "type": "aws_instance",
                    "depends_on": [
                        "aws_security_group.Bastion_SG",
                        "aws_subnet.Public_subnet.*"
                    ],
                    "primary": {
                        "id": "i-06e29b70d91854bab",
                        "attributes": {
                            "ami": "ami-6871a115",
                            "associate_public_ip_address": "true",
                            "availability_zone": "us-east-1b",
                            "credit_specification.#": "1",
                            "credit_specification.0.cpu_credits": "standard",
                            "disable_api_termination": "false",
                            "ebs_block_device.#": "0",
                            "ebs_optimized": "false",
                            "ephemeral_block_device.#": "0",
                            "get_password_data": "false",
                            "iam_instance_profile": "",
                            "id": "i-06e29b70d91854bab",
                            "instance_state": "running",
                            "instance_type": "t2.micro",
                            "ipv6_addresses.#": "0",
                            "key_name": "My-us-east-key",
                            "monitoring": "false",
                            "network_interface.#": "0",
                            "network_interface_id": "eni-aa79a39a",
                            "password_data": "",
                            "placement_group": "",
                            "primary_network_interface_id": "eni-aa79a39a",
                            "private_dns": "ip-10-0-2-161.ec2.internal",
                            "private_ip": "10.0.2.161",
                            "public_dns": "ec2-54-175-163-135.compute-1.amazonaws.com",
                            "public_ip": "54.175.163.135",
                            "root_block_device.#": "1",
                            "root_block_device.0.delete_on_termination": "true",
                            "root_block_device.0.iops": "100",
                            "root_block_device.0.volume_id": "vol-0783fc50524b7e983",
                            "root_block_device.0.volume_size": "10",
                            "root_block_device.0.volume_type": "gp2",
                            "security_groups.#": "0",
                            "source_dest_check": "true",
                            "subnet_id": "subnet-b10ebded",
                            "tags.%": "1",
                            "tags.Name": "Terraform-2",
                            "tenancy": "default",
                            "user_data": "f8f6ae092b3b2f1c5911763041d5ca8acfaf422c",
                            "volume_tags.%": "0",
                            "vpc_security_group_ids.#": "1",
                            "vpc_security_group_ids.1008574170": "sg-49a63403"
                        },
                        "meta": {
                            "e2bfb730-ecaa-11e6-8f88-34363bc7c4c0": {
                                "create": 600000000000,
                                "delete": 1200000000000,
                                "update": 600000000000
                            },
                            "schema_version": "1"
                        },
                        "tainted": false
                    },
                    "deposed": [],
                    "provider": "provider.aws"
                },
                "aws_internet_gateway.My_IGW": {
                    "type": "aws_internet_gateway",
                    "depends_on": [
                        "aws_vpc.My_Vpc"
                    ],
                    "primary": {
                        "id": "igw-5e6d5e26",
                        "attributes": {
                            "id": "igw-5e6d5e26",
                            "tags.%": "1",
                            "tags.Name": "My_IGW",
                            "vpc_id": "vpc-135a9b69"
                        },
                        "meta": {},
                        "tainted": false
                    },
                    "deposed": [],
                    "provider": "provider.aws"
                },
                "aws_lb.AppELB": {
                    "type": "aws_lb",
                    "depends_on": [
                        "aws_security_group.LB_SG",
                        "aws_subnet.Public_subnet.*"
                    ],
                    "primary": {
                        "id": "arn:aws:elasticloadbalancing:us-east-1:743256833051:loadbalancer/app/AppELB/67d523cd82d86161",
                        "attributes": {
                            "access_logs.#": "0",
                            "arn": "arn:aws:elasticloadbalancing:us-east-1:743256833051:loadbalancer/app/AppELB/67d523cd82d86161",
                            "arn_suffix": "app/AppELB/67d523cd82d86161",
                            "dns_name": "AppELB-9684235.us-east-1.elb.amazonaws.com",
                            "enable_deletion_protection": "false",
                            "enable_http2": "true",
                            "id": "arn:aws:elasticloadbalancing:us-east-1:743256833051:loadbalancer/app/AppELB/67d523cd82d86161",
                            "idle_timeout": "60",
                            "internal": "false",
                            "ip_address_type": "ipv4",
                            "load_balancer_type": "application",
                            "name": "AppELB",
                            "security_groups.#": "1",
                            "security_groups.1674060465": "sg-1cac3e56",
                            "subnet_mapping.#": "0",
                            "subnets.#": "2",
                            "subnets.3687620059": "subnet-951859df",
                            "subnets.3921368082": "subnet-b10ebded",
                            "tags.%": "0",
                            "vpc_id": "vpc-135a9b69",
                            "zone_id": "Z35SXDOTRQ7X7K"
                        },
                        "meta": {
                            "e2bfb730-ecaa-11e6-8f88-34363bc7c4c0": {
                                "create": 600000000000,
                                "delete": 600000000000,
                                "update": 600000000000
                            }
                        },
                        "tainted": false
                    },
                    "deposed": [],
                    "provider": "provider.aws"
                },
                "aws_lb_listener.Apptglistener": {
                    "type": "aws_lb_listener",
                    "depends_on": [
                        "aws_lb.AppELB",
                        "aws_lb_target_group.AppTG"
                    ],
                    "primary": {
                        "id": "arn:aws:elasticloadbalancing:us-east-1:743256833051:listener/app/AppELB/67d523cd82d86161/7302bf7339635dd4",
                        "attributes": {
                            "arn": "arn:aws:elasticloadbalancing:us-east-1:743256833051:listener/app/AppELB/67d523cd82d86161/7302bf7339635dd4",
                            "default_action.#": "1",
                            "default_action.0.target_group_arn": "arn:aws:elasticloadbalancing:us-east-1:743256833051:targetgroup/ALBTG/26221d1de7fcb2fa",
                            "default_action.0.type": "forward",
                            "id": "arn:aws:elasticloadbalancing:us-east-1:743256833051:listener/app/AppELB/67d523cd82d86161/7302bf7339635dd4",
                            "load_balancer_arn": "arn:aws:elasticloadbalancing:us-east-1:743256833051:loadbalancer/app/AppELB/67d523cd82d86161",
                            "port": "80",
                            "protocol": "HTTP",
                            "ssl_policy": ""
                        },
                        "meta": {},
                        "tainted": false
                    },
                    "deposed": [],
                    "provider": "provider.aws"
                },
                "aws_lb_target_group.AppTG": {
                    "type": "aws_lb_target_group",
                    "depends_on": [
                        "aws_vpc.My_Vpc"
                    ],
                    "primary": {
                        "id": "arn:aws:elasticloadbalancing:us-east-1:743256833051:targetgroup/ALBTG/26221d1de7fcb2fa",
                        "attributes": {
                            "arn": "arn:aws:elasticloadbalancing:us-east-1:743256833051:targetgroup/ALBTG/26221d1de7fcb2fa",
                            "arn_suffix": "targetgroup/ALBTG/26221d1de7fcb2fa",
                            "deregistration_delay": "300",
                            "health_check.#": "1",
                            "health_check.0.healthy_threshold": "5",
                            "health_check.0.interval": "30",
                            "health_check.0.matcher": "200",
                            "health_check.0.path": "/",
                            "health_check.0.port": "traffic-port",
                            "health_check.0.protocol": "HTTP",
                            "health_check.0.timeout": "5",
                            "health_check.0.unhealthy_threshold": "2",
                            "id": "arn:aws:elasticloadbalancing:us-east-1:743256833051:targetgroup/ALBTG/26221d1de7fcb2fa",
                            "name": "ALBTG",
                            "port": "80",
                            "protocol": "HTTP",
                            "proxy_protocol_v2": "false",
                            "slow_start": "0",
                            "stickiness.#": "1",
                            "stickiness.0.cookie_duration": "86400",
                            "stickiness.0.enabled": "false",
                            "stickiness.0.type": "lb_cookie",
                            "tags.%": "0",
                            "target_type": "instance",
                            "vpc_id": "vpc-135a9b69"
                        },
                        "meta": {},
                        "tainted": false
                    },
                    "deposed": [],
                    "provider": "provider.aws"
                },
                "aws_lb_target_group_attachment.AppTGattach": {
                    "type": "aws_lb_target_group_attachment",
                    "depends_on": [
                        "aws_instance.my-instances.*",
                        "aws_lb_target_group.AppTG"
                    ],
                    "primary": {
                        "id": "arn:aws:elasticloadbalancing:us-east-1:743256833051:targetgroup/ALBTG/26221d1de7fcb2fa-20180723205126475500000001",
                        "attributes": {
                            "id": "arn:aws:elasticloadbalancing:us-east-1:743256833051:targetgroup/ALBTG/26221d1de7fcb2fa-20180723205126475500000001",
                            "port": "80",
                            "target_group_arn": "arn:aws:elasticloadbalancing:us-east-1:743256833051:targetgroup/ALBTG/26221d1de7fcb2fa",
                            "target_id": "i-0bd6fba8e02f304c5"
                        },
                        "meta": {},
                        "tainted": false
                    },
                    "deposed": [],
                    "provider": "provider.aws"
                },
                "aws_nat_gateway.Nat_gateway.0": {
                    "type": "aws_nat_gateway",
                    "depends_on": [
                        "aws_eip.Nat_eip.*",
                        "aws_subnet.Private_subnet.*"
                    ],
                    "primary": {
                        "id": "nat-01cca96dad7f10cb7",
                        "attributes": {
                            "allocation_id": "eipalloc-e648aaed",
                            "id": "nat-01cca96dad7f10cb7",
                            "network_interface_id": "eni-13ea3374",
                            "private_ip": "10.0.3.208",
                            "public_ip": "18.210.0.80",
                            "subnet_id": "subnet-c2246588",
                            "tags.%": "1",
                            "tags.Name": "Nat-gateway-1"
                        },
                        "meta": {},
                        "tainted": false
                    },
                    "deposed": [],
                    "provider": "provider.aws"
                },
                "aws_nat_gateway.Nat_gateway.1": {
                    "type": "aws_nat_gateway",
                    "depends_on": [
                        "aws_eip.Nat_eip.*",
                        "aws_subnet.Private_subnet.*"
                    ],
                    "primary": {
                        "id": "nat-0d7cfa72c473b7fef",
                        "attributes": {
                            "allocation_id": "eipalloc-b64ba9bd",
                            "id": "nat-0d7cfa72c473b7fef",
                            "network_interface_id": "eni-a579a395",
                            "private_ip": "10.0.4.176",
                            "public_ip": "18.211.8.88",
                            "subnet_id": "subnet-c50ab999",
                            "tags.%": "1",
                            "tags.Name": "Nat-gateway-2"
                        },
                        "meta": {},
                        "tainted": false
                    },
                    "deposed": [],
                    "provider": "provider.aws"
                },
                "aws_route_table.Private_route.0": {
                    "type": "aws_route_table",
                    "depends_on": [
                        "aws_nat_gateway.Nat_gateway.*",
                        "aws_vpc.My_Vpc"
                    ],
                    "primary": {
                        "id": "rtb-bd0b96c2",
                        "attributes": {
                            "id": "rtb-bd0b96c2",
                            "propagating_vgws.#": "0",
                            "route.#": "1",
                            "route.3843637908.cidr_block": "0.0.0.0/0",
                            "route.3843637908.egress_only_gateway_id": "",
                            "route.3843637908.gateway_id": "",
                            "route.3843637908.instance_id": "",
                            "route.3843637908.ipv6_cidr_block": "",
                            "route.3843637908.nat_gateway_id": "nat-01cca96dad7f10cb7",
                            "route.3843637908.network_interface_id": "",
                            "route.3843637908.vpc_peering_connection_id": "",
                            "tags.%": "1",
                            "tags.Name": "Private_route-1",
                            "vpc_id": "vpc-135a9b69"
                        },
                        "meta": {},
                        "tainted": false
                    },
                    "deposed": [],
                    "provider": "provider.aws"
                },
                "aws_route_table.Private_route.1": {
                    "type": "aws_route_table",
                    "depends_on": [
                        "aws_nat_gateway.Nat_gateway.*",
                        "aws_vpc.My_Vpc"
                    ],
                    "primary": {
                        "id": "rtb-1f059860",
                        "attributes": {
                            "id": "rtb-1f059860",
                            "propagating_vgws.#": "0",
                            "route.#": "1",
                            "route.2982449701.cidr_block": "0.0.0.0/0",
                            "route.2982449701.egress_only_gateway_id": "",
                            "route.2982449701.gateway_id": "",
                            "route.2982449701.instance_id": "",
                            "route.2982449701.ipv6_cidr_block": "",
                            "route.2982449701.nat_gateway_id": "nat-0d7cfa72c473b7fef",
                            "route.2982449701.network_interface_id": "",
                            "route.2982449701.vpc_peering_connection_id": "",
                            "tags.%": "1",
                            "tags.Name": "Private_route-2",
                            "vpc_id": "vpc-135a9b69"
                        },
                        "meta": {},
                        "tainted": false
                    },
                    "deposed": [],
                    "provider": "provider.aws"
                },
                "aws_route_table.public_route.0": {
                    "type": "aws_route_table",
                    "depends_on": [
                        "aws_internet_gateway.My_IGW",
                        "aws_vpc.My_Vpc"
                    ],
                    "primary": {
                        "id": "rtb-6305981c",
                        "attributes": {
                            "id": "rtb-6305981c",
                            "propagating_vgws.#": "0",
                            "route.#": "1",
                            "route.701782271.cidr_block": "0.0.0.0/0",
                            "route.701782271.egress_only_gateway_id": "",
                            "route.701782271.gateway_id": "igw-5e6d5e26",
                            "route.701782271.instance_id": "",
                            "route.701782271.ipv6_cidr_block": "",
                            "route.701782271.nat_gateway_id": "",
                            "route.701782271.network_interface_id": "",
                            "route.701782271.vpc_peering_connection_id": "",
                            "tags.%": "1",
                            "tags.Name": "Public_route-1",
                            "vpc_id": "vpc-135a9b69"
                        },
                        "meta": {},
                        "tainted": false
                    },
                    "deposed": [],
                    "provider": "provider.aws"
                },
                "aws_route_table.public_route.1": {
                    "type": "aws_route_table",
                    "depends_on": [
                        "aws_internet_gateway.My_IGW",
                        "aws_vpc.My_Vpc"
                    ],
                    "primary": {
                        "id": "rtb-07168b78",
                        "attributes": {
                            "id": "rtb-07168b78",
                            "propagating_vgws.#": "0",
                            "route.#": "1",
                            "route.701782271.cidr_block": "0.0.0.0/0",
                            "route.701782271.egress_only_gateway_id": "",
                            "route.701782271.gateway_id": "igw-5e6d5e26",
                            "route.701782271.instance_id": "",
                            "route.701782271.ipv6_cidr_block": "",
                            "route.701782271.nat_gateway_id": "",
                            "route.701782271.network_interface_id": "",
                            "route.701782271.vpc_peering_connection_id": "",
                            "tags.%": "1",
                            "tags.Name": "Public_route-2",
                            "vpc_id": "vpc-135a9b69"
                        },
                        "meta": {},
                        "tainted": false
                    },
                    "deposed": [],
                    "provider": "provider.aws"
                },
                "aws_route_table_association.Private_route_association.0": {
                    "type": "aws_route_table_association",
                    "depends_on": [
                        "aws_route_table.Private_route.*",
                        "aws_subnet.Private_subnet.*"
                    ],
                    "primary": {
                        "id": "rtbassoc-c88b26b6",
                        "attributes": {
                            "id": "rtbassoc-c88b26b6",
                            "route_table_id": "rtb-bd0b96c2",
                            "subnet_id": "subnet-c2246588"
                        },
                        "meta": {},
                        "tainted": false
                    },
                    "deposed": [],
                    "provider": "provider.aws"
                },
                "aws_route_table_association.Private_route_association.1": {
                    "type": "aws_route_table_association",
                    "depends_on": [
                        "aws_route_table.Private_route.*",
                        "aws_subnet.Private_subnet.*"
                    ],
                    "primary": {
                        "id": "rtbassoc-0185287f",
                        "attributes": {
                            "id": "rtbassoc-0185287f",
                            "route_table_id": "rtb-1f059860",
                            "subnet_id": "subnet-c50ab999"
                        },
                        "meta": {},
                        "tainted": false
                    },
                    "deposed": [],
                    "provider": "provider.aws"
                },
                "aws_route_table_association.Public_route_association.0": {
                    "type": "aws_route_table_association",
                    "depends_on": [
                        "aws_route_table.public_route.*",
                        "aws_subnet.Public_subnet.*"
                    ],
                    "primary": {
                        "id": "rtbassoc-cb8825b5",
                        "attributes": {
                            "id": "rtbassoc-cb8825b5",
                            "route_table_id": "rtb-6305981c",
                            "subnet_id": "subnet-951859df"
                        },
                        "meta": {},
                        "tainted": false
                    },
                    "deposed": [],
                    "provider": "provider.aws"
                },
                "aws_route_table_association.Public_route_association.1": {
                    "type": "aws_route_table_association",
                    "depends_on": [
                        "aws_route_table.public_route.*",
                        "aws_subnet.Public_subnet.*"
                    ],
                    "primary": {
                        "id": "rtbassoc-1488256a",
                        "attributes": {
                            "id": "rtbassoc-1488256a",
                            "route_table_id": "rtb-07168b78",
                            "subnet_id": "subnet-b10ebded"
                        },
                        "meta": {},
                        "tainted": false
                    },
                    "deposed": [],
                    "provider": "provider.aws"
                },
                "aws_security_group.Bastion_SG": {
                    "type": "aws_security_group",
                    "depends_on": [
                        "aws_security_group.LB_SG",
                        "aws_vpc.My_Vpc"
                    ],
                    "primary": {
                        "id": "sg-49a63403",
                        "attributes": {
                            "arn": "arn:aws:ec2:us-east-1:743256833051:security-group/sg-49a63403",
                            "description": "Managed by Terraform",
                            "egress.#": "1",
                            "egress.482069346.cidr_blocks.#": "1",
                            "egress.482069346.cidr_blocks.0": "0.0.0.0/0",
                            "egress.482069346.description": "",
                            "egress.482069346.from_port": "0",
                            "egress.482069346.ipv6_cidr_blocks.#": "0",
                            "egress.482069346.prefix_list_ids.#": "0",
                            "egress.482069346.protocol": "-1",
                            "egress.482069346.security_groups.#": "0",
                            "egress.482069346.self": "false",
                            "egress.482069346.to_port": "0",
                            "id": "sg-49a63403",
                            "ingress.#": "2",
                            "ingress.2541437006.cidr_blocks.#": "1",
                            "ingress.2541437006.cidr_blocks.0": "0.0.0.0/0",
                            "ingress.2541437006.description": "",
                            "ingress.2541437006.from_port": "22",
                            "ingress.2541437006.ipv6_cidr_blocks.#": "0",
                            "ingress.2541437006.protocol": "TCP",
                            "ingress.2541437006.security_groups.#": "0",
                            "ingress.2541437006.self": "false",
                            "ingress.2541437006.to_port": "22",
                            "ingress.3227586447.cidr_blocks.#": "0",
                            "ingress.3227586447.description": "",
                            "ingress.3227586447.from_port": "80",
                            "ingress.3227586447.ipv6_cidr_blocks.#": "0",
                            "ingress.3227586447.protocol": "TCP",
                            "ingress.3227586447.security_groups.#": "1",
                            "ingress.3227586447.security_groups.1674060465": "sg-1cac3e56",
                            "ingress.3227586447.self": "false",
                            "ingress.3227586447.to_port": "80",
                            "name": "Bastion_SG",
                            "owner_id": "743256833051",
                            "revoke_rules_on_delete": "false",
                            "tags.%": "1",
                            "tags.Name": "Bastion_SG",
                            "vpc_id": "vpc-135a9b69"
                        },
                        "meta": {
                            "e2bfb730-ecaa-11e6-8f88-34363bc7c4c0": {
                                "create": 600000000000,
                                "delete": 600000000000
                            },
                            "schema_version": "1"
                        },
                        "tainted": false
                    },
                    "deposed": [],
                    "provider": "provider.aws"
                },
                "aws_security_group.LB_SG": {
                    "type": "aws_security_group",
                    "depends_on": [
                        "aws_vpc.My_Vpc"
                    ],
                    "primary": {
                        "id": "sg-1cac3e56",
                        "attributes": {
                            "arn": "arn:aws:ec2:us-east-1:743256833051:security-group/sg-1cac3e56",
                            "description": "Managed by Terraform",
                            "egress.#": "1",
                            "egress.482069346.cidr_blocks.#": "1",
                            "egress.482069346.cidr_blocks.0": "0.0.0.0/0",
                            "egress.482069346.description": "",
                            "egress.482069346.from_port": "0",
                            "egress.482069346.ipv6_cidr_blocks.#": "0",
                            "egress.482069346.prefix_list_ids.#": "0",
                            "egress.482069346.protocol": "-1",
                            "egress.482069346.security_groups.#": "0",
                            "egress.482069346.self": "false",
                            "egress.482069346.to_port": "0",
                            "id": "sg-1cac3e56",
                            "ingress.#": "1",
                            "ingress.2214680975.cidr_blocks.#": "1",
                            "ingress.2214680975.cidr_blocks.0": "0.0.0.0/0",
                            "ingress.2214680975.description": "",
                            "ingress.2214680975.from_port": "80",
                            "ingress.2214680975.ipv6_cidr_blocks.#": "0",
                            "ingress.2214680975.protocol": "TCP",
                            "ingress.2214680975.security_groups.#": "0",
                            "ingress.2214680975.self": "false",
                            "ingress.2214680975.to_port": "80",
                            "name": "lb_SG",
                            "owner_id": "743256833051",
                            "revoke_rules_on_delete": "false",
                            "tags.%": "1",
                            "tags.Name": "lb_SG",
                            "vpc_id": "vpc-135a9b69"
                        },
                        "meta": {
                            "e2bfb730-ecaa-11e6-8f88-34363bc7c4c0": {
                                "create": 600000000000,
                                "delete": 600000000000
                            },
                            "schema_version": "1"
                        },
                        "tainted": false
                    },
                    "deposed": [],
                    "provider": "provider.aws"
                },
                "aws_security_group.efs_SG": {
                    "type": "aws_security_group",
                    "depends_on": [
                        "aws_security_group.Bastion_SG",
                        "aws_vpc.My_Vpc"
                    ],
                    "primary": {
                        "id": "sg-bca436f6",
                        "attributes": {
                            "arn": "arn:aws:ec2:us-east-1:743256833051:security-group/sg-bca436f6",
                            "description": "EFS",
                            "egress.#": "1",
                            "egress.482069346.cidr_blocks.#": "1",
                            "egress.482069346.cidr_blocks.0": "0.0.0.0/0",
                            "egress.482069346.description": "",
                            "egress.482069346.from_port": "0",
                            "egress.482069346.ipv6_cidr_blocks.#": "0",
                            "egress.482069346.prefix_list_ids.#": "0",
                            "egress.482069346.protocol": "-1",
                            "egress.482069346.security_groups.#": "0",
                            "egress.482069346.self": "false",
                            "egress.482069346.to_port": "0",
                            "id": "sg-bca436f6",
                            "ingress.#": "1",
                            "ingress.4294247029.cidr_blocks.#": "0",
                            "ingress.4294247029.description": "",
                            "ingress.4294247029.from_port": "2049",
                            "ingress.4294247029.ipv6_cidr_blocks.#": "0",
                            "ingress.4294247029.protocol": "tcp",
                            "ingress.4294247029.security_groups.#": "1",
                            "ingress.4294247029.security_groups.1008574170": "sg-49a63403",
                            "ingress.4294247029.self": "false",
                            "ingress.4294247029.to_port": "2049",
                            "name": "efs_SG",
                            "owner_id": "743256833051",
                            "revoke_rules_on_delete": "false",
                            "tags.%": "1",
                            "tags.Name": "EFS_SG",
                            "vpc_id": "vpc-135a9b69"
                        },
                        "meta": {
                            "e2bfb730-ecaa-11e6-8f88-34363bc7c4c0": {
                                "create": 600000000000,
                                "delete": 600000000000
                            },
                            "schema_version": "1"
                        },
                        "tainted": false
                    },
                    "deposed": [],
                    "provider": "provider.aws"
                },
                "aws_subnet.Private_subnet.0": {
                    "type": "aws_subnet",
                    "depends_on": [
                        "aws_vpc.My_Vpc"
                    ],
                    "primary": {
                        "id": "subnet-c2246588",
                        "attributes": {
                            "assign_ipv6_address_on_creation": "false",
                            "availability_zone": "us-east-1a",
                            "cidr_block": "10.0.3.0/24",
                            "id": "subnet-c2246588",
                            "map_public_ip_on_launch": "true",
                            "tags.%": "1",
                            "tags.name": "Private_subnet-1",
                            "vpc_id": "vpc-135a9b69"
                        },
                        "meta": {
                            "schema_version": "1"
                        },
                        "tainted": false
                    },
                    "deposed": [],
                    "provider": "provider.aws"
                },
                "aws_subnet.Private_subnet.1": {
                    "type": "aws_subnet",
                    "depends_on": [
                        "aws_vpc.My_Vpc"
                    ],
                    "primary": {
                        "id": "subnet-c50ab999",
                        "attributes": {
                            "assign_ipv6_address_on_creation": "false",
                            "availability_zone": "us-east-1b",
                            "cidr_block": "10.0.4.0/24",
                            "id": "subnet-c50ab999",
                            "map_public_ip_on_launch": "true",
                            "tags.%": "1",
                            "tags.name": "Private_subnet-2",
                            "vpc_id": "vpc-135a9b69"
                        },
                        "meta": {
                            "schema_version": "1"
                        },
                        "tainted": false
                    },
                    "deposed": [],
                    "provider": "provider.aws"
                },
                "aws_subnet.Public_subnet.0": {
                    "type": "aws_subnet",
                    "depends_on": [
                        "aws_vpc.My_Vpc"
                    ],
                    "primary": {
                        "id": "subnet-951859df",
                        "attributes": {
                            "assign_ipv6_address_on_creation": "false",
                            "availability_zone": "us-east-1a",
                            "cidr_block": "10.0.1.0/24",
                            "id": "subnet-951859df",
                            "map_public_ip_on_launch": "true",
                            "tags.%": "1",
                            "tags.name": "Public_subnet-1",
                            "vpc_id": "vpc-135a9b69"
                        },
                        "meta": {
                            "schema_version": "1"
                        },
                        "tainted": false
                    },
                    "deposed": [],
                    "provider": "provider.aws"
                },
                "aws_subnet.Public_subnet.1": {
                    "type": "aws_subnet",
                    "depends_on": [
                        "aws_vpc.My_Vpc"
                    ],
                    "primary": {
                        "id": "subnet-b10ebded",
                        "attributes": {
                            "assign_ipv6_address_on_creation": "false",
                            "availability_zone": "us-east-1b",
                            "cidr_block": "10.0.2.0/24",
                            "id": "subnet-b10ebded",
                            "map_public_ip_on_launch": "true",
                            "tags.%": "1",
                            "tags.name": "Public_subnet-2",
                            "vpc_id": "vpc-135a9b69"
                        },
                        "meta": {
                            "schema_version": "1"
                        },
                        "tainted": false
                    },
                    "deposed": [],
                    "provider": "provider.aws"
                },
                "aws_vpc.My_Vpc": {
                    "type": "aws_vpc",
                    "depends_on": [],
                    "primary": {
                        "id": "vpc-135a9b69",
                        "attributes": {
                            "assign_generated_ipv6_cidr_block": "false",
                            "cidr_block": "10.0.0.0/16",
                            "default_network_acl_id": "acl-8d361ff7",
                            "default_route_table_id": "rtb-7e148901",
                            "default_security_group_id": "sg-15ae3c5f",
                            "dhcp_options_id": "dopt-3351194b",
                            "enable_classiclink": "false",
                            "enable_classiclink_dns_support": "false",
                            "enable_dns_hostnames": "true",
                            "enable_dns_support": "true",
                            "id": "vpc-135a9b69",
                            "instance_tenancy": "default",
                            "main_route_table_id": "rtb-7e148901",
                            "tags.%": "1",
                            "tags.name": "My_Vpc"
                        },
                        "meta": {
                            "schema_version": "1"
                        },
                        "tainted": false
                    },
                    "deposed": [],
                    "provider": "provider.aws"
                }
            },
            "depends_on": []
        }
    ]
}
