{
    "version": 3,
    "terraform_version": "0.11.7",
    "serial": 13,
    "lineage": "266ea29d-011b-db4e-41f5-3e85cf63cc21",
    "modules": [
        {
            "path": [
                "root"
            ],
            "outputs": {
                "dns_name": {
                    "sensitive": false,
                    "type": "string",
                    "value": "fs-2a477862.efs.us-east-1.amazonaws.com"
                },
                "id": {
                    "sensitive": false,
                    "type": "string",
                    "value": "fs-2a477862"
                },
                "mount_target_ids": {
                    "sensitive": false,
                    "type": "list",
                    "value": [
                        "fsmt-31c89c79",
                        "fsmt-3fc89c77"
                    ]
                },
                "mount_target_ips": {
                    "sensitive": false,
                    "type": "list",
                    "value": [
                        "10.0.1.36",
                        "10.0.2.238"
                    ]
                }
            },
            "resources": {
                "aws_efs_file_system.Drupal_efs": {
                    "type": "aws_efs_file_system",
                    "depends_on": [],
                    "primary": {
                        "id": "fs-2a477862",
                        "attributes": {
                            "creation_token": "Drupal_efs",
                            "dns_name": "fs-2a477862.efs.us-east-1.amazonaws.com",
                            "encrypted": "false",
                            "id": "fs-2a477862",
                            "kms_key_id": "",
                            "performance_mode": "generalPurpose",
                            "tags.%": "1",
                            "tags.Name": "Drupal_efs"
                        },
                        "meta": {},
                        "tainted": false
                    },
                    "deposed": [],
                    "provider": "provider.aws"
                },
                "aws_efs_mount_target.Drupal_efs_mount.0": {
                    "type": "aws_efs_mount_target",
                    "depends_on": [
                        "aws_efs_file_system.Drupal_efs",
                        "aws_security_group.efs_SG",
                        "aws_subnet.Public_subnet.*"
                    ],
                    "primary": {
                        "id": "fsmt-31c89c79",
                        "attributes": {
                            "dns_name": "fs-2a477862.efs.us-east-1.amazonaws.com",
                            "file_system_id": "fs-2a477862",
                            "id": "fsmt-31c89c79",
                            "ip_address": "10.0.1.36",
                            "network_interface_id": "eni-f93de29e",
                            "security_groups.#": "1",
                            "security_groups.2295273569": "sg-36e4777c",
                            "subnet_id": "subnet-33094879"
                        },
                        "meta": {},
                        "tainted": false
                    },
                    "deposed": [],
                    "provider": "provider.aws"
                },
                "aws_efs_mount_target.Drupal_efs_mount.1": {
                    "type": "aws_efs_mount_target",
                    "depends_on": [
                        "aws_efs_file_system.Drupal_efs",
                        "aws_security_group.efs_SG",
                        "aws_subnet.Public_subnet.*"
                    ],
                    "primary": {
                        "id": "fsmt-3fc89c77",
                        "attributes": {
                            "dns_name": "fs-2a477862.efs.us-east-1.amazonaws.com",
                            "file_system_id": "fs-2a477862",
                            "id": "fsmt-3fc89c77",
                            "ip_address": "10.0.2.238",
                            "network_interface_id": "eni-d36bb3e3",
                            "security_groups.#": "1",
                            "security_groups.2295273569": "sg-36e4777c",
                            "subnet_id": "subnet-b11cafed"
                        },
                        "meta": {},
                        "tainted": false
                    },
                    "deposed": [],
                    "provider": "provider.aws"
                },
                "aws_eip.Nat_eip.0": {
                    "type": "aws_eip",
                    "depends_on": [],
                    "primary": {
                        "id": "eipalloc-5316f458",
                        "attributes": {
                            "association_id": "eipassoc-54838e8e",
                            "domain": "vpc",
                            "id": "eipalloc-5316f458",
                            "instance": "",
                            "network_interface": "eni-c93ee1ae",
                            "private_ip": "10.0.3.151",
                            "public_ip": "34.192.251.179",
                            "tags.%": "1",
                            "tags.Name": "Nat_EIP-1",
                            "vpc": "true"
                        },
                        "meta": {
                            "e2bfb730-ecaa-11e6-8f88-34363bc7c4c0": {
                                "delete": 180000000000,
                                "read": 900000000000,
                                "update": 300000000000
                            }
                        },
                        "tainted": false
                    },
                    "deposed": [],
                    "provider": "provider.aws"
                },
                "aws_eip.Nat_eip.1": {
                    "type": "aws_eip",
                    "depends_on": [],
                    "primary": {
                        "id": "eipalloc-2615f72d",
                        "attributes": {
                            "association_id": "eipassoc-6a6245c1",
                            "domain": "vpc",
                            "id": "eipalloc-2615f72d",
                            "instance": "",
                            "network_interface": "eni-7d77af4d",
                            "private_ip": "10.0.4.207",
                            "public_ip": "18.210.255.24",
                            "tags.%": "1",
                            "tags.Name": "Nat_EIP-2",
                            "vpc": "true"
                        },
                        "meta": {
                            "e2bfb730-ecaa-11e6-8f88-34363bc7c4c0": {
                                "delete": 180000000000,
                                "read": 900000000000,
                                "update": 300000000000
                            }
                        },
                        "tainted": false
                    },
                    "deposed": [],
                    "provider": "provider.aws"
                },
                "aws_instance.my-instances.0": {
                    "type": "aws_instance",
                    "depends_on": [
                        "aws_security_group.Bastion_SG",
                        "aws_subnet.Public_subnet.*"
                    ],
                    "primary": {
                        "id": "i-070d1983a5eb650b7",
                        "attributes": {
                            "ami": "ami-6871a115",
                            "associate_public_ip_address": "true",
                            "availability_zone": "us-east-1a",
                            "credit_specification.#": "1",
                            "credit_specification.0.cpu_credits": "standard",
                            "disable_api_termination": "false",
                            "ebs_block_device.#": "0",
                            "ebs_optimized": "false",
                            "ephemeral_block_device.#": "0",
                            "get_password_data": "false",
                            "iam_instance_profile": "",
                            "id": "i-070d1983a5eb650b7",
                            "instance_state": "running",
                            "instance_type": "t2.micro",
                            "ipv6_addresses.#": "0",
                            "key_name": "My-us-east-key",
                            "monitoring": "false",
                            "network_interface.#": "0",
                            "network_interface_id": "eni-f760be90",
                            "password_data": "",
                            "placement_group": "",
                            "primary_network_interface_id": "eni-f760be90",
                            "private_dns": "ip-10-0-1-39.ec2.internal",
                            "private_ip": "10.0.1.39",
                            "public_dns": "ec2-52-91-130-163.compute-1.amazonaws.com",
                            "public_ip": "52.91.130.163",
                            "root_block_device.#": "1",
                            "root_block_device.0.delete_on_termination": "true",
                            "root_block_device.0.iops": "100",
                            "root_block_device.0.volume_id": "vol-0d6a7c527d045862d",
                            "root_block_device.0.volume_size": "10",
                            "root_block_device.0.volume_type": "gp2",
                            "security_groups.#": "0",
                            "source_dest_check": "true",
                            "subnet_id": "subnet-33094879",
                            "tags.%": "1",
                            "tags.Name": "Terraform-1",
                            "tenancy": "default",
                            "user_data": "f8f6ae092b3b2f1c5911763041d5ca8acfaf422c",
                            "volume_tags.%": "0",
                            "vpc_security_group_ids.#": "1",
                            "vpc_security_group_ids.1527759044": "sg-60ee7d2a"
                        },
                        "meta": {
                            "e2bfb730-ecaa-11e6-8f88-34363bc7c4c0": {
                                "create": 600000000000,
                                "delete": 1200000000000,
                                "update": 600000000000
                            },
                            "schema_version": "1"
                        },
                        "tainted": false
                    },
                    "deposed": [],
                    "provider": "provider.aws"
                },
                "aws_instance.my-instances.1": {
                    "type": "aws_instance",
                    "depends_on": [
                        "aws_security_group.Bastion_SG",
                        "aws_subnet.Public_subnet.*"
                    ],
                    "primary": {
                        "id": "i-03b753bccfafb3acc",
                        "attributes": {
                            "ami": "ami-6871a115",
                            "associate_public_ip_address": "true",
                            "availability_zone": "us-east-1b",
                            "credit_specification.#": "1",
                            "credit_specification.0.cpu_credits": "standard",
                            "disable_api_termination": "false",
                            "ebs_block_device.#": "0",
                            "ebs_optimized": "false",
                            "ephemeral_block_device.#": "0",
                            "get_password_data": "false",
                            "iam_instance_profile": "",
                            "id": "i-03b753bccfafb3acc",
                            "instance_state": "running",
                            "instance_type": "t2.micro",
                            "ipv6_addresses.#": "0",
                            "key_name": "My-us-east-key",
                            "monitoring": "false",
                            "network_interface.#": "0",
                            "network_interface_id": "eni-bdf3298d",
                            "password_data": "",
                            "placement_group": "",
                            "primary_network_interface_id": "eni-bdf3298d",
                            "private_dns": "ip-10-0-2-193.ec2.internal",
                            "private_ip": "10.0.2.193",
                            "public_dns": "ec2-54-88-133-46.compute-1.amazonaws.com",
                            "public_ip": "54.88.133.46",
                            "root_block_device.#": "1",
                            "root_block_device.0.delete_on_termination": "true",
                            "root_block_device.0.iops": "100",
                            "root_block_device.0.volume_id": "vol-053311e0490440440",
                            "root_block_device.0.volume_size": "10",
                            "root_block_device.0.volume_type": "gp2",
                            "security_groups.#": "0",
                            "source_dest_check": "true",
                            "subnet_id": "subnet-b11cafed",
                            "tags.%": "1",
                            "tags.Name": "Terraform-2",
                            "tenancy": "default",
                            "user_data": "f8f6ae092b3b2f1c5911763041d5ca8acfaf422c",
                            "volume_tags.%": "0",
                            "vpc_security_group_ids.#": "1",
                            "vpc_security_group_ids.1527759044": "sg-60ee7d2a"
                        },
                        "meta": {
                            "e2bfb730-ecaa-11e6-8f88-34363bc7c4c0": {
                                "create": 600000000000,
                                "delete": 1200000000000,
                                "update": 600000000000
                            },
                            "schema_version": "1"
                        },
                        "tainted": false
                    },
                    "deposed": [],
                    "provider": "provider.aws"
                },
                "aws_internet_gateway.My_IGW": {
                    "type": "aws_internet_gateway",
                    "depends_on": [
                        "aws_vpc.My_Vpc"
                    ],
                    "primary": {
                        "id": "igw-df6754a7",
                        "attributes": {
                            "id": "igw-df6754a7",
                            "tags.%": "1",
                            "tags.Name": "My_IGW",
                            "vpc_id": "vpc-9c3dfce6"
                        },
                        "meta": {},
                        "tainted": false
                    },
                    "deposed": [],
                    "provider": "provider.aws"
                },
                "aws_lb.AppELB": {
                    "type": "aws_lb",
                    "depends_on": [
                        "aws_security_group.LB_SG",
                        "aws_subnet.Public_subnet.*"
                    ],
                    "primary": {
                        "id": "arn:aws:elasticloadbalancing:us-east-1:743256833051:loadbalancer/app/AppELB/c5fb131e588ee13e",
                        "attributes": {
                            "access_logs.#": "0",
                            "arn": "arn:aws:elasticloadbalancing:us-east-1:743256833051:loadbalancer/app/AppELB/c5fb131e588ee13e",
                            "arn_suffix": "app/AppELB/c5fb131e588ee13e",
                            "dns_name": "AppELB-733712649.us-east-1.elb.amazonaws.com",
                            "enable_deletion_protection": "false",
                            "enable_http2": "true",
                            "id": "arn:aws:elasticloadbalancing:us-east-1:743256833051:loadbalancer/app/AppELB/c5fb131e588ee13e",
                            "idle_timeout": "60",
                            "internal": "false",
                            "ip_address_type": "ipv4",
                            "load_balancer_type": "application",
                            "name": "AppELB",
                            "security_groups.#": "1",
                            "security_groups.1891495139": "sg-bbe97af1",
                            "subnet_mapping.#": "0",
                            "subnets.#": "2",
                            "subnets.215744924": "subnet-33094879",
                            "subnets.3163949463": "subnet-b11cafed",
                            "tags.%": "0",
                            "vpc_id": "vpc-9c3dfce6",
                            "zone_id": "Z35SXDOTRQ7X7K"
                        },
                        "meta": {
                            "e2bfb730-ecaa-11e6-8f88-34363bc7c4c0": {
                                "create": 600000000000,
                                "delete": 600000000000,
                                "update": 600000000000
                            }
                        },
                        "tainted": false
                    },
                    "deposed": [],
                    "provider": "provider.aws"
                },
                "aws_lb_listener.Apptglistener": {
                    "type": "aws_lb_listener",
                    "depends_on": [],
                    "primary": {
                        "id": "arn:aws:elasticloadbalancing:us-east-1:743256833051:listener/app/AppELB/c5fb131e588ee13e/60d4dd9812f8f9f5",
                        "attributes": {
                            "arn": "arn:aws:elasticloadbalancing:us-east-1:743256833051:listener/app/AppELB/c5fb131e588ee13e/60d4dd9812f8f9f5",
                            "default_action.#": "1",
                            "default_action.0.target_group_arn": "arn:aws:elasticloadbalancing:us-east-1:743256833051:targetgroup/ALBTG/0f02cf037d90838e",
                            "default_action.0.type": "forward",
                            "id": "arn:aws:elasticloadbalancing:us-east-1:743256833051:listener/app/AppELB/c5fb131e588ee13e/60d4dd9812f8f9f5",
                            "load_balancer_arn": "arn:aws:elasticloadbalancing:us-east-1:743256833051:loadbalancer/app/AppELB/c5fb131e588ee13e",
                            "port": "80",
                            "protocol": "HTTP",
                            "ssl_policy": ""
                        },
                        "meta": {},
                        "tainted": false
                    },
                    "deposed": [],
                    "provider": "provider.aws"
                },
                "aws_lb_target_group.AppTG": {
                    "type": "aws_lb_target_group",
                    "depends_on": [
                        "aws_vpc.My_Vpc"
                    ],
                    "primary": {
                        "id": "arn:aws:elasticloadbalancing:us-east-1:743256833051:targetgroup/ALBTG/0f02cf037d90838e",
                        "attributes": {
                            "arn": "arn:aws:elasticloadbalancing:us-east-1:743256833051:targetgroup/ALBTG/0f02cf037d90838e",
                            "arn_suffix": "targetgroup/ALBTG/0f02cf037d90838e",
                            "deregistration_delay": "300",
                            "health_check.#": "1",
                            "health_check.0.healthy_threshold": "5",
                            "health_check.0.interval": "30",
                            "health_check.0.matcher": "200",
                            "health_check.0.path": "/",
                            "health_check.0.port": "traffic-port",
                            "health_check.0.protocol": "HTTP",
                            "health_check.0.timeout": "5",
                            "health_check.0.unhealthy_threshold": "2",
                            "id": "arn:aws:elasticloadbalancing:us-east-1:743256833051:targetgroup/ALBTG/0f02cf037d90838e",
                            "name": "ALBTG",
                            "port": "80",
                            "protocol": "HTTP",
                            "proxy_protocol_v2": "false",
                            "slow_start": "0",
                            "stickiness.#": "1",
                            "stickiness.0.cookie_duration": "86400",
                            "stickiness.0.enabled": "false",
                            "stickiness.0.type": "lb_cookie",
                            "tags.%": "0",
                            "target_type": "instance",
                            "vpc_id": "vpc-9c3dfce6"
                        },
                        "meta": {},
                        "tainted": false
                    },
                    "deposed": [],
                    "provider": "provider.aws"
                },
                "aws_lb_target_group_attachment.AppTGattach": {
                    "type": "aws_lb_target_group_attachment",
                    "depends_on": [
                        "aws_instance.my-instances.*",
                        "aws_lb_target_group.AppTG"
                    ],
                    "primary": {
                        "id": "arn:aws:elasticloadbalancing:us-east-1:743256833051:targetgroup/ALBTG/0f02cf037d90838e-20180723201641985600000001",
                        "attributes": {
                            "id": "arn:aws:elasticloadbalancing:us-east-1:743256833051:targetgroup/ALBTG/0f02cf037d90838e-20180723201641985600000001",
                            "port": "80",
                            "target_group_arn": "arn:aws:elasticloadbalancing:us-east-1:743256833051:targetgroup/ALBTG/0f02cf037d90838e",
                            "target_id": "i-070d1983a5eb650b7"
                        },
                        "meta": {},
                        "tainted": false
                    },
                    "deposed": [],
                    "provider": "provider.aws"
                },
                "aws_nat_gateway.Nat_gateway.0": {
                    "type": "aws_nat_gateway",
                    "depends_on": [
                        "aws_eip.Nat_eip.*",
                        "aws_subnet.Private_subnet.*"
                    ],
                    "primary": {
                        "id": "nat-0314c5023454ff46f",
                        "attributes": {
                            "allocation_id": "eipalloc-5316f458",
                            "id": "nat-0314c5023454ff46f",
                            "network_interface_id": "eni-c93ee1ae",
                            "private_ip": "10.0.3.151",
                            "public_ip": "34.192.251.179",
                            "subnet_id": "subnet-d5f9bf9f",
                            "tags.%": "1",
                            "tags.Name": "Nat-gateway-1"
                        },
                        "meta": {},
                        "tainted": false
                    },
                    "deposed": [],
                    "provider": "provider.aws"
                },
                "aws_nat_gateway.Nat_gateway.1": {
                    "type": "aws_nat_gateway",
                    "depends_on": [
                        "aws_eip.Nat_eip.*",
                        "aws_subnet.Private_subnet.*"
                    ],
                    "primary": {
                        "id": "nat-0f3ac65efbd5239d6",
                        "attributes": {
                            "allocation_id": "eipalloc-2615f72d",
                            "id": "nat-0f3ac65efbd5239d6",
                            "network_interface_id": "eni-7d77af4d",
                            "private_ip": "10.0.4.207",
                            "public_ip": "18.210.255.24",
                            "subnet_id": "subnet-781fac24",
                            "tags.%": "1",
                            "tags.Name": "Nat-gateway-2"
                        },
                        "meta": {},
                        "tainted": false
                    },
                    "deposed": [],
                    "provider": "provider.aws"
                },
                "aws_route_table.Private_route.0": {
                    "type": "aws_route_table",
                    "depends_on": [
                        "aws_nat_gateway.Nat_gateway.*",
                        "aws_vpc.My_Vpc"
                    ],
                    "primary": {
                        "id": "rtb-ab831ed4",
                        "attributes": {
                            "id": "rtb-ab831ed4",
                            "propagating_vgws.#": "0",
                            "route.#": "1",
                            "route.3117028202.cidr_block": "0.0.0.0/0",
                            "route.3117028202.egress_only_gateway_id": "",
                            "route.3117028202.gateway_id": "",
                            "route.3117028202.instance_id": "",
                            "route.3117028202.ipv6_cidr_block": "",
                            "route.3117028202.nat_gateway_id": "nat-0314c5023454ff46f",
                            "route.3117028202.network_interface_id": "",
                            "route.3117028202.vpc_peering_connection_id": "",
                            "tags.%": "1",
                            "tags.Name": "Private_route-1",
                            "vpc_id": "vpc-9c3dfce6"
                        },
                        "meta": {},
                        "tainted": false
                    },
                    "deposed": [],
                    "provider": "provider.aws"
                },
                "aws_route_table.Private_route.1": {
                    "type": "aws_route_table",
                    "depends_on": [
                        "aws_nat_gateway.Nat_gateway.*",
                        "aws_vpc.My_Vpc"
                    ],
                    "primary": {
                        "id": "rtb-f6871a89",
                        "attributes": {
                            "id": "rtb-f6871a89",
                            "propagating_vgws.#": "0",
                            "route.#": "1",
                            "route.1677688828.cidr_block": "0.0.0.0/0",
                            "route.1677688828.egress_only_gateway_id": "",
                            "route.1677688828.gateway_id": "",
                            "route.1677688828.instance_id": "",
                            "route.1677688828.ipv6_cidr_block": "",
                            "route.1677688828.nat_gateway_id": "nat-0f3ac65efbd5239d6",
                            "route.1677688828.network_interface_id": "",
                            "route.1677688828.vpc_peering_connection_id": "",
                            "tags.%": "1",
                            "tags.Name": "Private_route-2",
                            "vpc_id": "vpc-9c3dfce6"
                        },
                        "meta": {},
                        "tainted": false
                    },
                    "deposed": [],
                    "provider": "provider.aws"
                },
                "aws_route_table.public_route.0": {
                    "type": "aws_route_table",
                    "depends_on": [
                        "aws_internet_gateway.My_IGW",
                        "aws_vpc.My_Vpc"
                    ],
                    "primary": {
                        "id": "rtb-758a170a",
                        "attributes": {
                            "id": "rtb-758a170a",
                            "propagating_vgws.#": "0",
                            "route.#": "1",
                            "route.3618705243.cidr_block": "0.0.0.0/0",
                            "route.3618705243.egress_only_gateway_id": "",
                            "route.3618705243.gateway_id": "igw-df6754a7",
                            "route.3618705243.instance_id": "",
                            "route.3618705243.ipv6_cidr_block": "",
                            "route.3618705243.nat_gateway_id": "",
                            "route.3618705243.network_interface_id": "",
                            "route.3618705243.vpc_peering_connection_id": "",
                            "tags.%": "1",
                            "tags.Name": "Public_route-1",
                            "vpc_id": "vpc-9c3dfce6"
                        },
                        "meta": {},
                        "tainted": false
                    },
                    "deposed": [],
                    "provider": "provider.aws"
                },
                "aws_route_table.public_route.1": {
                    "type": "aws_route_table",
                    "depends_on": [
                        "aws_internet_gateway.My_IGW",
                        "aws_vpc.My_Vpc"
                    ],
                    "primary": {
                        "id": "rtb-998419e6",
                        "attributes": {
                            "id": "rtb-998419e6",
                            "propagating_vgws.#": "0",
                            "route.#": "1",
                            "route.3618705243.cidr_block": "0.0.0.0/0",
                            "route.3618705243.egress_only_gateway_id": "",
                            "route.3618705243.gateway_id": "igw-df6754a7",
                            "route.3618705243.instance_id": "",
                            "route.3618705243.ipv6_cidr_block": "",
                            "route.3618705243.nat_gateway_id": "",
                            "route.3618705243.network_interface_id": "",
                            "route.3618705243.vpc_peering_connection_id": "",
                            "tags.%": "1",
                            "tags.Name": "Public_route-2",
                            "vpc_id": "vpc-9c3dfce6"
                        },
                        "meta": {},
                        "tainted": false
                    },
                    "deposed": [],
                    "provider": "provider.aws"
                },
                "aws_route_table_association.Private_route_association.0": {
                    "type": "aws_route_table_association",
                    "depends_on": [
                        "aws_route_table.Private_route.*",
                        "aws_subnet.Private_subnet.*"
                    ],
                    "primary": {
                        "id": "rtbassoc-26ba1758",
                        "attributes": {
                            "id": "rtbassoc-26ba1758",
                            "route_table_id": "rtb-ab831ed4",
                            "subnet_id": "subnet-d5f9bf9f"
                        },
                        "meta": {},
                        "tainted": false
                    },
                    "deposed": [],
                    "provider": "provider.aws"
                },
                "aws_route_table_association.Private_route_association.1": {
                    "type": "aws_route_table_association",
                    "depends_on": [
                        "aws_route_table.Private_route.*",
                        "aws_subnet.Private_subnet.*"
                    ],
                    "primary": {
                        "id": "rtbassoc-a7a00dd9",
                        "attributes": {
                            "id": "rtbassoc-a7a00dd9",
                            "route_table_id": "rtb-f6871a89",
                            "subnet_id": "subnet-781fac24"
                        },
                        "meta": {},
                        "tainted": false
                    },
                    "deposed": [],
                    "provider": "provider.aws"
                },
                "aws_route_table_association.Public_route_association.0": {
                    "type": "aws_route_table_association",
                    "depends_on": [
                        "aws_route_table.public_route.*",
                        "aws_subnet.Public_subnet.*"
                    ],
                    "primary": {
                        "id": "rtbassoc-cebf12b0",
                        "attributes": {
                            "id": "rtbassoc-cebf12b0",
                            "route_table_id": "rtb-758a170a",
                            "subnet_id": "subnet-33094879"
                        },
                        "meta": {},
                        "tainted": false
                    },
                    "deposed": [],
                    "provider": "provider.aws"
                },
                "aws_route_table_association.Public_route_association.1": {
                    "type": "aws_route_table_association",
                    "depends_on": [
                        "aws_route_table.public_route.*",
                        "aws_subnet.Public_subnet.*"
                    ],
                    "primary": {
                        "id": "rtbassoc-fca30e82",
                        "attributes": {
                            "id": "rtbassoc-fca30e82",
                            "route_table_id": "rtb-998419e6",
                            "subnet_id": "subnet-b11cafed"
                        },
                        "meta": {},
                        "tainted": false
                    },
                    "deposed": [],
                    "provider": "provider.aws"
                },
                "aws_security_group.Bastion_SG": {
                    "type": "aws_security_group",
                    "depends_on": [
                        "aws_security_group.LB_SG",
                        "aws_vpc.My_Vpc"
                    ],
                    "primary": {
                        "id": "sg-60ee7d2a",
                        "attributes": {
                            "arn": "arn:aws:ec2:us-east-1:743256833051:security-group/sg-60ee7d2a",
                            "description": "Managed by Terraform",
                            "egress.#": "1",
                            "egress.482069346.cidr_blocks.#": "1",
                            "egress.482069346.cidr_blocks.0": "0.0.0.0/0",
                            "egress.482069346.description": "",
                            "egress.482069346.from_port": "0",
                            "egress.482069346.ipv6_cidr_blocks.#": "0",
                            "egress.482069346.prefix_list_ids.#": "0",
                            "egress.482069346.protocol": "-1",
                            "egress.482069346.security_groups.#": "0",
                            "egress.482069346.self": "false",
                            "egress.482069346.to_port": "0",
                            "id": "sg-60ee7d2a",
                            "ingress.#": "2",
                            "ingress.1159154329.cidr_blocks.#": "0",
                            "ingress.1159154329.description": "",
                            "ingress.1159154329.from_port": "80",
                            "ingress.1159154329.ipv6_cidr_blocks.#": "0",
                            "ingress.1159154329.protocol": "TCP",
                            "ingress.1159154329.security_groups.#": "1",
                            "ingress.1159154329.security_groups.1891495139": "sg-bbe97af1",
                            "ingress.1159154329.self": "false",
                            "ingress.1159154329.to_port": "80",
                            "ingress.2541437006.cidr_blocks.#": "1",
                            "ingress.2541437006.cidr_blocks.0": "0.0.0.0/0",
                            "ingress.2541437006.description": "",
                            "ingress.2541437006.from_port": "22",
                            "ingress.2541437006.ipv6_cidr_blocks.#": "0",
                            "ingress.2541437006.protocol": "TCP",
                            "ingress.2541437006.security_groups.#": "0",
                            "ingress.2541437006.self": "false",
                            "ingress.2541437006.to_port": "22",
                            "name": "Bastion_SG",
                            "owner_id": "743256833051",
                            "revoke_rules_on_delete": "false",
                            "tags.%": "1",
                            "tags.Name": "Bastion_SG",
                            "vpc_id": "vpc-9c3dfce6"
                        },
                        "meta": {
                            "e2bfb730-ecaa-11e6-8f88-34363bc7c4c0": {
                                "create": 600000000000,
                                "delete": 600000000000
                            },
                            "schema_version": "1"
                        },
                        "tainted": false
                    },
                    "deposed": [],
                    "provider": "provider.aws"
                },
                "aws_security_group.LB_SG": {
                    "type": "aws_security_group",
                    "depends_on": [
                        "aws_vpc.My_Vpc"
                    ],
                    "primary": {
                        "id": "sg-bbe97af1",
                        "attributes": {
                            "arn": "arn:aws:ec2:us-east-1:743256833051:security-group/sg-bbe97af1",
                            "description": "Managed by Terraform",
                            "egress.#": "1",
                            "egress.482069346.cidr_blocks.#": "1",
                            "egress.482069346.cidr_blocks.0": "0.0.0.0/0",
                            "egress.482069346.description": "",
                            "egress.482069346.from_port": "0",
                            "egress.482069346.ipv6_cidr_blocks.#": "0",
                            "egress.482069346.prefix_list_ids.#": "0",
                            "egress.482069346.protocol": "-1",
                            "egress.482069346.security_groups.#": "0",
                            "egress.482069346.self": "false",
                            "egress.482069346.to_port": "0",
                            "id": "sg-bbe97af1",
                            "ingress.#": "1",
                            "ingress.2214680975.cidr_blocks.#": "1",
                            "ingress.2214680975.cidr_blocks.0": "0.0.0.0/0",
                            "ingress.2214680975.description": "",
                            "ingress.2214680975.from_port": "80",
                            "ingress.2214680975.ipv6_cidr_blocks.#": "0",
                            "ingress.2214680975.protocol": "TCP",
                            "ingress.2214680975.security_groups.#": "0",
                            "ingress.2214680975.self": "false",
                            "ingress.2214680975.to_port": "80",
                            "name": "lb_SG",
                            "owner_id": "743256833051",
                            "revoke_rules_on_delete": "false",
                            "tags.%": "1",
                            "tags.Name": "lb_SG",
                            "vpc_id": "vpc-9c3dfce6"
                        },
                        "meta": {
                            "e2bfb730-ecaa-11e6-8f88-34363bc7c4c0": {
                                "create": 600000000000,
                                "delete": 600000000000
                            },
                            "schema_version": "1"
                        },
                        "tainted": false
                    },
                    "deposed": [],
                    "provider": "provider.aws"
                },
                "aws_security_group.efs_SG": {
                    "type": "aws_security_group",
                    "depends_on": [
                        "aws_security_group.Bastion_SG",
                        "aws_vpc.My_Vpc"
                    ],
                    "primary": {
                        "id": "sg-36e4777c",
                        "attributes": {
                            "arn": "arn:aws:ec2:us-east-1:743256833051:security-group/sg-36e4777c",
                            "description": "EFS",
                            "egress.#": "1",
                            "egress.482069346.cidr_blocks.#": "1",
                            "egress.482069346.cidr_blocks.0": "0.0.0.0/0",
                            "egress.482069346.description": "",
                            "egress.482069346.from_port": "0",
                            "egress.482069346.ipv6_cidr_blocks.#": "0",
                            "egress.482069346.prefix_list_ids.#": "0",
                            "egress.482069346.protocol": "-1",
                            "egress.482069346.security_groups.#": "0",
                            "egress.482069346.self": "false",
                            "egress.482069346.to_port": "0",
                            "id": "sg-36e4777c",
                            "ingress.#": "1",
                            "ingress.94186824.cidr_blocks.#": "0",
                            "ingress.94186824.description": "",
                            "ingress.94186824.from_port": "2049",
                            "ingress.94186824.ipv6_cidr_blocks.#": "0",
                            "ingress.94186824.protocol": "tcp",
                            "ingress.94186824.security_groups.#": "1",
                            "ingress.94186824.security_groups.1527759044": "sg-60ee7d2a",
                            "ingress.94186824.self": "false",
                            "ingress.94186824.to_port": "2049",
                            "name": "efs_SG",
                            "owner_id": "743256833051",
                            "revoke_rules_on_delete": "false",
                            "tags.%": "1",
                            "tags.Name": "EFS_SG",
                            "vpc_id": "vpc-9c3dfce6"
                        },
                        "meta": {
                            "e2bfb730-ecaa-11e6-8f88-34363bc7c4c0": {
                                "create": 600000000000,
                                "delete": 600000000000
                            },
                            "schema_version": "1"
                        },
                        "tainted": false
                    },
                    "deposed": [],
                    "provider": "provider.aws"
                },
                "aws_subnet.Private_subnet.0": {
                    "type": "aws_subnet",
                    "depends_on": [
                        "aws_vpc.My_Vpc"
                    ],
                    "primary": {
                        "id": "subnet-d5f9bf9f",
                        "attributes": {
                            "assign_ipv6_address_on_creation": "false",
                            "availability_zone": "us-east-1a",
                            "cidr_block": "10.0.3.0/24",
                            "id": "subnet-d5f9bf9f",
                            "map_public_ip_on_launch": "true",
                            "tags.%": "1",
                            "tags.name": "Private_subnet-1",
                            "vpc_id": "vpc-9c3dfce6"
                        },
                        "meta": {
                            "schema_version": "1"
                        },
                        "tainted": false
                    },
                    "deposed": [],
                    "provider": "provider.aws"
                },
                "aws_subnet.Private_subnet.1": {
                    "type": "aws_subnet",
                    "depends_on": [
                        "aws_vpc.My_Vpc"
                    ],
                    "primary": {
                        "id": "subnet-781fac24",
                        "attributes": {
                            "assign_ipv6_address_on_creation": "false",
                            "availability_zone": "us-east-1b",
                            "cidr_block": "10.0.4.0/24",
                            "id": "subnet-781fac24",
                            "map_public_ip_on_launch": "true",
                            "tags.%": "1",
                            "tags.name": "Private_subnet-2",
                            "vpc_id": "vpc-9c3dfce6"
                        },
                        "meta": {
                            "schema_version": "1"
                        },
                        "tainted": false
                    },
                    "deposed": [],
                    "provider": "provider.aws"
                },
                "aws_subnet.Public_subnet.0": {
                    "type": "aws_subnet",
                    "depends_on": [
                        "aws_vpc.My_Vpc"
                    ],
                    "primary": {
                        "id": "subnet-33094879",
                        "attributes": {
                            "assign_ipv6_address_on_creation": "false",
                            "availability_zone": "us-east-1a",
                            "cidr_block": "10.0.1.0/24",
                            "id": "subnet-33094879",
                            "map_public_ip_on_launch": "true",
                            "tags.%": "1",
                            "tags.name": "Public_subnet-1",
                            "vpc_id": "vpc-9c3dfce6"
                        },
                        "meta": {
                            "schema_version": "1"
                        },
                        "tainted": false
                    },
                    "deposed": [],
                    "provider": "provider.aws"
                },
                "aws_subnet.Public_subnet.1": {
                    "type": "aws_subnet",
                    "depends_on": [
                        "aws_vpc.My_Vpc"
                    ],
                    "primary": {
                        "id": "subnet-b11cafed",
                        "attributes": {
                            "assign_ipv6_address_on_creation": "false",
                            "availability_zone": "us-east-1b",
                            "cidr_block": "10.0.2.0/24",
                            "id": "subnet-b11cafed",
                            "map_public_ip_on_launch": "true",
                            "tags.%": "1",
                            "tags.name": "Public_subnet-2",
                            "vpc_id": "vpc-9c3dfce6"
                        },
                        "meta": {
                            "schema_version": "1"
                        },
                        "tainted": false
                    },
                    "deposed": [],
                    "provider": "provider.aws"
                },
                "aws_vpc.My_Vpc": {
                    "type": "aws_vpc",
                    "depends_on": [],
                    "primary": {
                        "id": "vpc-9c3dfce6",
                        "attributes": {
                            "assign_generated_ipv6_cidr_block": "false",
                            "cidr_block": "10.0.0.0/16",
                            "default_network_acl_id": "acl-e9280193",
                            "default_route_table_id": "rtb-3c861b43",
                            "default_security_group_id": "sg-98ef7cd2",
                            "dhcp_options_id": "dopt-3351194b",
                            "enable_classiclink": "false",
                            "enable_classiclink_dns_support": "false",
                            "enable_dns_hostnames": "true",
                            "enable_dns_support": "true",
                            "id": "vpc-9c3dfce6",
                            "instance_tenancy": "default",
                            "main_route_table_id": "rtb-3c861b43",
                            "tags.%": "1",
                            "tags.name": "My_Vpc"
                        },
                        "meta": {
                            "schema_version": "1"
                        },
                        "tainted": false
                    },
                    "deposed": [],
                    "provider": "provider.aws"
                }
            },
            "depends_on": []
        }
    ]
}
