{
    "version": 3,
    "terraform_version": "0.11.7",
    "serial": 13,
    "lineage": "a81ecfa3-baf5-ee3f-095b-3724d42d1237",
    "modules": [
        {
            "path": [
                "root"
            ],
            "outputs": {},
            "resources": {
                "aws_eip.Nat_eip.0": {
                    "type": "aws_eip",
                    "depends_on": [],
                    "primary": {
                        "id": "eipalloc-bb666a95",
                        "attributes": {
                            "association_id": "eipassoc-171badeb",
                            "domain": "vpc",
                            "id": "eipalloc-bb666a95",
                            "instance": "",
                            "network_interface": "eni-760f2c28",
                            "private_ip": "10.0.3.86",
                            "public_ip": "13.127.224.234",
                            "tags.%": "1",
                            "tags.Name": "Nat_EIP-1",
                            "vpc": "true"
                        },
                        "meta": {
                            "e2bfb730-ecaa-11e6-8f88-34363bc7c4c0": {
                                "delete": 180000000000,
                                "read": 900000000000,
                                "update": 300000000000
                            }
                        },
                        "tainted": false
                    },
                    "deposed": [],
                    "provider": "provider.aws"
                },
                "aws_eip.Nat_eip.1": {
                    "type": "aws_eip",
                    "depends_on": [],
                    "primary": {
                        "id": "eipalloc-9c6b67b2",
                        "attributes": {
                            "association_id": "eipassoc-f648b72c",
                            "domain": "vpc",
                            "id": "eipalloc-9c6b67b2",
                            "instance": "",
                            "network_interface": "eni-f4f45dde",
                            "private_ip": "10.0.4.139",
                            "public_ip": "13.126.193.53",
                            "tags.%": "1",
                            "tags.Name": "Nat_EIP-2",
                            "vpc": "true"
                        },
                        "meta": {
                            "e2bfb730-ecaa-11e6-8f88-34363bc7c4c0": {
                                "delete": 180000000000,
                                "read": 900000000000,
                                "update": 300000000000
                            }
                        },
                        "tainted": false
                    },
                    "deposed": [],
                    "provider": "provider.aws"
                },
                "aws_instance.my-instances.0": {
                    "type": "aws_instance",
                    "depends_on": [
                        "aws_security_group.Bastion_SG",
                        "aws_subnet.Public_subnet.*"
                    ],
                    "primary": {
                        "id": "i-07cf3bef0f5574460",
                        "attributes": {
                            "ami": "ami-5b673c34",
                            "associate_public_ip_address": "true",
                            "availability_zone": "ap-south-1a",
                            "credit_specification.#": "1",
                            "credit_specification.0.cpu_credits": "standard",
                            "disable_api_termination": "false",
                            "ebs_block_device.#": "0",
                            "ebs_optimized": "false",
                            "ephemeral_block_device.#": "0",
                            "get_password_data": "false",
                            "iam_instance_profile": "",
                            "id": "i-07cf3bef0f5574460",
                            "instance_state": "running",
                            "instance_type": "t2.micro",
                            "ipv6_addresses.#": "0",
                            "key_name": "MyEc2key",
                            "monitoring": "false",
                            "network_interface.#": "0",
                            "network_interface_id": "eni-c6082b98",
                            "password_data": "",
                            "placement_group": "",
                            "primary_network_interface_id": "eni-c6082b98",
                            "private_dns": "ip-10-0-1-45.ap-south-1.compute.internal",
                            "private_ip": "10.0.1.45",
                            "public_dns": "ec2-52-66-81-92.ap-south-1.compute.amazonaws.com",
                            "public_ip": "52.66.81.92",
                            "root_block_device.#": "1",
                            "root_block_device.0.delete_on_termination": "true",
                            "root_block_device.0.iops": "100",
                            "root_block_device.0.volume_id": "vol-037e3c54a011caf1c",
                            "root_block_device.0.volume_size": "10",
                            "root_block_device.0.volume_type": "gp2",
                            "security_groups.#": "0",
                            "source_dest_check": "true",
                            "subnet_id": "subnet-131b5e7b",
                            "tags.%": "1",
                            "tags.Name": "Terraform-1",
                            "tenancy": "default",
                            "user_data": "cd8be1b82642cd068dae57f8691d435ce33d43ea",
                            "volume_tags.%": "0",
                            "vpc_security_group_ids.#": "1",
                            "vpc_security_group_ids.1657843618": "sg-4774a92d"
                        },
                        "meta": {
                            "e2bfb730-ecaa-11e6-8f88-34363bc7c4c0": {
                                "create": 600000000000,
                                "delete": 1200000000000,
                                "update": 600000000000
                            },
                            "schema_version": "1"
                        },
                        "tainted": false
                    },
                    "deposed": [],
                    "provider": "provider.aws"
                },
                "aws_instance.my-instances.1": {
                    "type": "aws_instance",
                    "depends_on": [
                        "aws_security_group.Bastion_SG",
                        "aws_subnet.Public_subnet.*"
                    ],
                    "primary": {
                        "id": "i-062068938f8331353",
                        "attributes": {
                            "ami": "ami-5b673c34",
                            "associate_public_ip_address": "true",
                            "availability_zone": "ap-south-1b",
                            "credit_specification.#": "1",
                            "credit_specification.0.cpu_credits": "standard",
                            "disable_api_termination": "false",
                            "ebs_block_device.#": "0",
                            "ebs_optimized": "false",
                            "ephemeral_block_device.#": "0",
                            "get_password_data": "false",
                            "iam_instance_profile": "",
                            "id": "i-062068938f8331353",
                            "instance_state": "running",
                            "instance_type": "t2.micro",
                            "ipv6_addresses.#": "0",
                            "key_name": "MyEc2key",
                            "monitoring": "false",
                            "network_interface.#": "0",
                            "network_interface_id": "eni-c1f65feb",
                            "password_data": "",
                            "placement_group": "",
                            "primary_network_interface_id": "eni-c1f65feb",
                            "private_dns": "ip-10-0-2-99.ap-south-1.compute.internal",
                            "private_ip": "10.0.2.99",
                            "public_dns": "ec2-13-232-100-122.ap-south-1.compute.amazonaws.com",
                            "public_ip": "13.232.100.122",
                            "root_block_device.#": "1",
                            "root_block_device.0.delete_on_termination": "true",
                            "root_block_device.0.iops": "100",
                            "root_block_device.0.volume_id": "vol-07fcb713569ed6c8a",
                            "root_block_device.0.volume_size": "10",
                            "root_block_device.0.volume_type": "gp2",
                            "security_groups.#": "0",
                            "source_dest_check": "true",
                            "subnet_id": "subnet-053c9749",
                            "tags.%": "1",
                            "tags.Name": "Terraform-2",
                            "tenancy": "default",
                            "user_data": "cd8be1b82642cd068dae57f8691d435ce33d43ea",
                            "volume_tags.%": "0",
                            "vpc_security_group_ids.#": "1",
                            "vpc_security_group_ids.1657843618": "sg-4774a92d"
                        },
                        "meta": {
                            "e2bfb730-ecaa-11e6-8f88-34363bc7c4c0": {
                                "create": 600000000000,
                                "delete": 1200000000000,
                                "update": 600000000000
                            },
                            "schema_version": "1"
                        },
                        "tainted": false
                    },
                    "deposed": [],
                    "provider": "provider.aws"
                },
                "aws_internet_gateway.My_IGW": {
                    "type": "aws_internet_gateway",
                    "depends_on": [
                        "aws_vpc.My_Vpc"
                    ],
                    "primary": {
                        "id": "igw-0251b86a",
                        "attributes": {
                            "id": "igw-0251b86a",
                            "tags.%": "1",
                            "tags.Name": "My_IGW",
                            "vpc_id": "vpc-ebfeac83"
                        },
                        "meta": {},
                        "tainted": false
                    },
                    "deposed": [],
                    "provider": "provider.aws"
                },
                "aws_lb.AppELB": {
                    "type": "aws_lb",
                    "depends_on": [
                        "aws_security_group.LB_SG",
                        "aws_subnet.Public_subnet.*"
                    ],
                    "primary": {
                        "id": "arn:aws:elasticloadbalancing:ap-south-1:743256833051:loadbalancer/app/AppELB/ddc3bea78c0565d2",
                        "attributes": {
                            "access_logs.#": "0",
                            "arn": "arn:aws:elasticloadbalancing:ap-south-1:743256833051:loadbalancer/app/AppELB/ddc3bea78c0565d2",
                            "arn_suffix": "app/AppELB/ddc3bea78c0565d2",
                            "dns_name": "AppELB-1232280093.ap-south-1.elb.amazonaws.com",
                            "enable_deletion_protection": "false",
                            "enable_http2": "true",
                            "id": "arn:aws:elasticloadbalancing:ap-south-1:743256833051:loadbalancer/app/AppELB/ddc3bea78c0565d2",
                            "idle_timeout": "60",
                            "internal": "false",
                            "ip_address_type": "ipv4",
                            "load_balancer_type": "application",
                            "name": "AppELB",
                            "security_groups.#": "1",
                            "security_groups.1683367680": "sg-667fa20c",
                            "subnet_mapping.#": "0",
                            "subnets.#": "2",
                            "subnets.3350157986": "subnet-053c9749",
                            "subnets.3926358372": "subnet-131b5e7b",
                            "tags.%": "0",
                            "vpc_id": "vpc-ebfeac83",
                            "zone_id": "ZP97RAFLXTNZK"
                        },
                        "meta": {
                            "e2bfb730-ecaa-11e6-8f88-34363bc7c4c0": {
                                "create": 600000000000,
                                "delete": 600000000000,
                                "update": 600000000000
                            }
                        },
                        "tainted": false
                    },
                    "deposed": [],
                    "provider": "provider.aws"
                },
                "aws_lb_target_group.AppTG": {
                    "type": "aws_lb_target_group",
                    "depends_on": [
                        "aws_vpc.My_Vpc"
                    ],
                    "primary": {
                        "id": "arn:aws:elasticloadbalancing:ap-south-1:743256833051:targetgroup/ALBTG/42bcc1e7badea5b3",
                        "attributes": {
                            "arn": "arn:aws:elasticloadbalancing:ap-south-1:743256833051:targetgroup/ALBTG/42bcc1e7badea5b3",
                            "arn_suffix": "targetgroup/ALBTG/42bcc1e7badea5b3",
                            "deregistration_delay": "300",
                            "health_check.#": "1",
                            "health_check.0.healthy_threshold": "5",
                            "health_check.0.interval": "30",
                            "health_check.0.matcher": "200",
                            "health_check.0.path": "/",
                            "health_check.0.port": "traffic-port",
                            "health_check.0.protocol": "HTTP",
                            "health_check.0.timeout": "5",
                            "health_check.0.unhealthy_threshold": "2",
                            "id": "arn:aws:elasticloadbalancing:ap-south-1:743256833051:targetgroup/ALBTG/42bcc1e7badea5b3",
                            "name": "ALBTG",
                            "port": "80",
                            "protocol": "HTTP",
                            "proxy_protocol_v2": "false",
                            "slow_start": "0",
                            "stickiness.#": "1",
                            "stickiness.0.cookie_duration": "86400",
                            "stickiness.0.enabled": "false",
                            "stickiness.0.type": "lb_cookie",
                            "tags.%": "0",
                            "target_type": "instance",
                            "vpc_id": "vpc-ebfeac83"
                        },
                        "meta": {},
                        "tainted": false
                    },
                    "deposed": [],
                    "provider": "provider.aws"
                },
                "aws_lb_target_group_attachment.AppTGattach": {
                    "type": "aws_lb_target_group_attachment",
                    "depends_on": [
                        "aws_instance.my-instances.*",
                        "aws_lb_target_group.AppTG"
                    ],
                    "primary": {
                        "id": "arn:aws:elasticloadbalancing:ap-south-1:743256833051:targetgroup/ALBTG/42bcc1e7badea5b3-20180722112501363500000001",
                        "attributes": {
                            "id": "arn:aws:elasticloadbalancing:ap-south-1:743256833051:targetgroup/ALBTG/42bcc1e7badea5b3-20180722112501363500000001",
                            "port": "80",
                            "target_group_arn": "arn:aws:elasticloadbalancing:ap-south-1:743256833051:targetgroup/ALBTG/42bcc1e7badea5b3",
                            "target_id": "i-07cf3bef0f5574460"
                        },
                        "meta": {},
                        "tainted": false
                    },
                    "deposed": [],
                    "provider": "provider.aws"
                },
                "aws_nat_gateway.Nat_gateway.0": {
                    "type": "aws_nat_gateway",
                    "depends_on": [
                        "aws_eip.Nat_eip.*",
                        "aws_subnet.Private_subnet.*"
                    ],
                    "primary": {
                        "id": "nat-0c7a57e5cae3148fd",
                        "attributes": {
                            "allocation_id": "eipalloc-bb666a95",
                            "id": "nat-0c7a57e5cae3148fd",
                            "network_interface_id": "eni-760f2c28",
                            "private_ip": "10.0.3.86",
                            "public_ip": "13.127.224.234",
                            "subnet_id": "subnet-19276271",
                            "tags.%": "1",
                            "tags.Name": "Nat-gateway-1"
                        },
                        "meta": {},
                        "tainted": false
                    },
                    "deposed": [],
                    "provider": "provider.aws"
                },
                "aws_nat_gateway.Nat_gateway.1": {
                    "type": "aws_nat_gateway",
                    "depends_on": [
                        "aws_eip.Nat_eip.*",
                        "aws_subnet.Private_subnet.*"
                    ],
                    "primary": {
                        "id": "nat-0e71c1b142953281d",
                        "attributes": {
                            "allocation_id": "eipalloc-9c6b67b2",
                            "id": "nat-0e71c1b142953281d",
                            "network_interface_id": "eni-f4f45dde",
                            "private_ip": "10.0.4.139",
                            "public_ip": "13.126.193.53",
                            "subnet_id": "subnet-463c970a",
                            "tags.%": "1",
                            "tags.Name": "Nat-gateway-2"
                        },
                        "meta": {},
                        "tainted": false
                    },
                    "deposed": [],
                    "provider": "provider.aws"
                },
                "aws_route_table.Private_route.0": {
                    "type": "aws_route_table",
                    "depends_on": [
                        "aws_nat_gateway.Nat_gateway.*",
                        "aws_vpc.My_Vpc"
                    ],
                    "primary": {
                        "id": "rtb-24bcac4c",
                        "attributes": {
                            "id": "rtb-24bcac4c",
                            "propagating_vgws.#": "0",
                            "route.#": "1",
                            "route.1548148448.cidr_block": "0.0.0.0/0",
                            "route.1548148448.egress_only_gateway_id": "",
                            "route.1548148448.gateway_id": "",
                            "route.1548148448.instance_id": "",
                            "route.1548148448.ipv6_cidr_block": "",
                            "route.1548148448.nat_gateway_id": "nat-0c7a57e5cae3148fd",
                            "route.1548148448.network_interface_id": "",
                            "route.1548148448.vpc_peering_connection_id": "",
                            "tags.%": "1",
                            "tags.Name": "Private_route-1",
                            "vpc_id": "vpc-ebfeac83"
                        },
                        "meta": {},
                        "tainted": false
                    },
                    "deposed": [],
                    "provider": "provider.aws"
                },
                "aws_route_table.Private_route.1": {
                    "type": "aws_route_table",
                    "depends_on": [
                        "aws_nat_gateway.Nat_gateway.*",
                        "aws_vpc.My_Vpc"
                    ],
                    "primary": {
                        "id": "rtb-2fbaaa47",
                        "attributes": {
                            "id": "rtb-2fbaaa47",
                            "propagating_vgws.#": "0",
                            "route.#": "1",
                            "route.1166060072.cidr_block": "0.0.0.0/0",
                            "route.1166060072.egress_only_gateway_id": "",
                            "route.1166060072.gateway_id": "",
                            "route.1166060072.instance_id": "",
                            "route.1166060072.ipv6_cidr_block": "",
                            "route.1166060072.nat_gateway_id": "nat-0e71c1b142953281d",
                            "route.1166060072.network_interface_id": "",
                            "route.1166060072.vpc_peering_connection_id": "",
                            "tags.%": "1",
                            "tags.Name": "Private_route-2",
                            "vpc_id": "vpc-ebfeac83"
                        },
                        "meta": {},
                        "tainted": false
                    },
                    "deposed": [],
                    "provider": "provider.aws"
                },
                "aws_route_table.public_route.0": {
                    "type": "aws_route_table",
                    "depends_on": [
                        "aws_internet_gateway.My_IGW",
                        "aws_vpc.My_Vpc"
                    ],
                    "primary": {
                        "id": "rtb-a2baaaca",
                        "attributes": {
                            "id": "rtb-a2baaaca",
                            "propagating_vgws.#": "0",
                            "route.#": "1",
                            "route.487868158.cidr_block": "0.0.0.0/0",
                            "route.487868158.egress_only_gateway_id": "",
                            "route.487868158.gateway_id": "igw-0251b86a",
                            "route.487868158.instance_id": "",
                            "route.487868158.ipv6_cidr_block": "",
                            "route.487868158.nat_gateway_id": "",
                            "route.487868158.network_interface_id": "",
                            "route.487868158.vpc_peering_connection_id": "",
                            "tags.%": "1",
                            "tags.Name": "Public_route-1",
                            "vpc_id": "vpc-ebfeac83"
                        },
                        "meta": {},
                        "tainted": false
                    },
                    "deposed": [],
                    "provider": "provider.aws"
                },
                "aws_route_table.public_route.1": {
                    "type": "aws_route_table",
                    "depends_on": [
                        "aws_internet_gateway.My_IGW",
                        "aws_vpc.My_Vpc"
                    ],
                    "primary": {
                        "id": "rtb-42b9a92a",
                        "attributes": {
                            "id": "rtb-42b9a92a",
                            "propagating_vgws.#": "0",
                            "route.#": "1",
                            "route.487868158.cidr_block": "0.0.0.0/0",
                            "route.487868158.egress_only_gateway_id": "",
                            "route.487868158.gateway_id": "igw-0251b86a",
                            "route.487868158.instance_id": "",
                            "route.487868158.ipv6_cidr_block": "",
                            "route.487868158.nat_gateway_id": "",
                            "route.487868158.network_interface_id": "",
                            "route.487868158.vpc_peering_connection_id": "",
                            "tags.%": "1",
                            "tags.Name": "Public_route-2",
                            "vpc_id": "vpc-ebfeac83"
                        },
                        "meta": {},
                        "tainted": false
                    },
                    "deposed": [],
                    "provider": "provider.aws"
                },
                "aws_route_table_association.public.0": {
                    "type": "aws_route_table_association",
                    "depends_on": [
                        "aws_route_table.public_route.*",
                        "aws_subnet.Public_subnet.*"
                    ],
                    "primary": {
                        "id": "rtbassoc-1c680977",
                        "attributes": {
                            "id": "rtbassoc-1c680977",
                            "route_table_id": "rtb-a2baaaca",
                            "subnet_id": "subnet-131b5e7b"
                        },
                        "meta": {},
                        "tainted": false
                    },
                    "deposed": [],
                    "provider": "provider.aws"
                },
                "aws_route_table_association.public.1": {
                    "type": "aws_route_table_association",
                    "depends_on": [
                        "aws_route_table.public_route.*",
                        "aws_subnet.Public_subnet.*"
                    ],
                    "primary": {
                        "id": "rtbassoc-13680978",
                        "attributes": {
                            "id": "rtbassoc-13680978",
                            "route_table_id": "rtb-42b9a92a",
                            "subnet_id": "subnet-053c9749"
                        },
                        "meta": {},
                        "tainted": false
                    },
                    "deposed": [],
                    "provider": "provider.aws"
                },
                "aws_security_group.Bastion_SG": {
                    "type": "aws_security_group",
                    "depends_on": [
                        "aws_vpc.My_Vpc"
                    ],
                    "primary": {
                        "id": "sg-4774a92d",
                        "attributes": {
                            "arn": "arn:aws:ec2:ap-south-1:743256833051:security-group/sg-4774a92d",
                            "description": "Managed by Terraform",
                            "egress.#": "1",
                            "egress.482069346.cidr_blocks.#": "1",
                            "egress.482069346.cidr_blocks.0": "0.0.0.0/0",
                            "egress.482069346.description": "",
                            "egress.482069346.from_port": "0",
                            "egress.482069346.ipv6_cidr_blocks.#": "0",
                            "egress.482069346.prefix_list_ids.#": "0",
                            "egress.482069346.protocol": "-1",
                            "egress.482069346.security_groups.#": "0",
                            "egress.482069346.self": "false",
                            "egress.482069346.to_port": "0",
                            "id": "sg-4774a92d",
                            "ingress.#": "1",
                            "ingress.2541437006.cidr_blocks.#": "1",
                            "ingress.2541437006.cidr_blocks.0": "0.0.0.0/0",
                            "ingress.2541437006.description": "",
                            "ingress.2541437006.from_port": "22",
                            "ingress.2541437006.ipv6_cidr_blocks.#": "0",
                            "ingress.2541437006.protocol": "TCP",
                            "ingress.2541437006.security_groups.#": "0",
                            "ingress.2541437006.self": "false",
                            "ingress.2541437006.to_port": "22",
                            "name": "Bastion_SG",
                            "owner_id": "743256833051",
                            "revoke_rules_on_delete": "false",
                            "tags.%": "1",
                            "tags.Name": "Bastion_SG",
                            "vpc_id": "vpc-ebfeac83"
                        },
                        "meta": {
                            "e2bfb730-ecaa-11e6-8f88-34363bc7c4c0": {
                                "create": 600000000000,
                                "delete": 600000000000
                            },
                            "schema_version": "1"
                        },
                        "tainted": false
                    },
                    "deposed": [],
                    "provider": "provider.aws"
                },
                "aws_security_group.LB_SG": {
                    "type": "aws_security_group",
                    "depends_on": [
                        "aws_vpc.My_Vpc"
                    ],
                    "primary": {
                        "id": "sg-667fa20c",
                        "attributes": {
                            "arn": "arn:aws:ec2:ap-south-1:743256833051:security-group/sg-667fa20c",
                            "description": "Managed by Terraform",
                            "egress.#": "1",
                            "egress.482069346.cidr_blocks.#": "1",
                            "egress.482069346.cidr_blocks.0": "0.0.0.0/0",
                            "egress.482069346.description": "",
                            "egress.482069346.from_port": "0",
                            "egress.482069346.ipv6_cidr_blocks.#": "0",
                            "egress.482069346.prefix_list_ids.#": "0",
                            "egress.482069346.protocol": "-1",
                            "egress.482069346.security_groups.#": "0",
                            "egress.482069346.self": "false",
                            "egress.482069346.to_port": "0",
                            "id": "sg-667fa20c",
                            "ingress.#": "1",
                            "ingress.2214680975.cidr_blocks.#": "1",
                            "ingress.2214680975.cidr_blocks.0": "0.0.0.0/0",
                            "ingress.2214680975.description": "",
                            "ingress.2214680975.from_port": "80",
                            "ingress.2214680975.ipv6_cidr_blocks.#": "0",
                            "ingress.2214680975.protocol": "TCP",
                            "ingress.2214680975.security_groups.#": "0",
                            "ingress.2214680975.self": "false",
                            "ingress.2214680975.to_port": "80",
                            "name": "lb_SG",
                            "owner_id": "743256833051",
                            "revoke_rules_on_delete": "false",
                            "tags.%": "1",
                            "tags.Name": "lb_SG",
                            "vpc_id": "vpc-ebfeac83"
                        },
                        "meta": {
                            "e2bfb730-ecaa-11e6-8f88-34363bc7c4c0": {
                                "create": 600000000000,
                                "delete": 600000000000
                            },
                            "schema_version": "1"
                        },
                        "tainted": false
                    },
                    "deposed": [],
                    "provider": "provider.aws"
                },
                "aws_subnet.Private_subnet.0": {
                    "type": "aws_subnet",
                    "depends_on": [
                        "aws_vpc.My_Vpc"
                    ],
                    "primary": {
                        "id": "subnet-19276271",
                        "attributes": {
                            "assign_ipv6_address_on_creation": "false",
                            "availability_zone": "ap-south-1a",
                            "cidr_block": "10.0.3.0/24",
                            "id": "subnet-19276271",
                            "map_public_ip_on_launch": "true",
                            "tags.%": "1",
                            "tags.Name": "Private_subnet-1",
                            "vpc_id": "vpc-ebfeac83"
                        },
                        "meta": {
                            "schema_version": "1"
                        },
                        "tainted": false
                    },
                    "deposed": [],
                    "provider": "provider.aws"
                },
                "aws_subnet.Private_subnet.1": {
                    "type": "aws_subnet",
                    "depends_on": [
                        "aws_vpc.My_Vpc"
                    ],
                    "primary": {
                        "id": "subnet-463c970a",
                        "attributes": {
                            "assign_ipv6_address_on_creation": "false",
                            "availability_zone": "ap-south-1b",
                            "cidr_block": "10.0.4.0/24",
                            "id": "subnet-463c970a",
                            "map_public_ip_on_launch": "true",
                            "tags.%": "1",
                            "tags.Name": "Private_subnet-2",
                            "vpc_id": "vpc-ebfeac83"
                        },
                        "meta": {
                            "schema_version": "1"
                        },
                        "tainted": false
                    },
                    "deposed": [],
                    "provider": "provider.aws"
                },
                "aws_subnet.Public_subnet.0": {
                    "type": "aws_subnet",
                    "depends_on": [
                        "aws_vpc.My_Vpc"
                    ],
                    "primary": {
                        "id": "subnet-131b5e7b",
                        "attributes": {
                            "assign_ipv6_address_on_creation": "false",
                            "availability_zone": "ap-south-1a",
                            "cidr_block": "10.0.1.0/24",
                            "id": "subnet-131b5e7b",
                            "map_public_ip_on_launch": "true",
                            "tags.%": "1",
                            "tags.Name": "Public_subnet-1",
                            "vpc_id": "vpc-ebfeac83"
                        },
                        "meta": {
                            "schema_version": "1"
                        },
                        "tainted": false
                    },
                    "deposed": [],
                    "provider": "provider.aws"
                },
                "aws_subnet.Public_subnet.1": {
                    "type": "aws_subnet",
                    "depends_on": [
                        "aws_vpc.My_Vpc"
                    ],
                    "primary": {
                        "id": "subnet-053c9749",
                        "attributes": {
                            "assign_ipv6_address_on_creation": "false",
                            "availability_zone": "ap-south-1b",
                            "cidr_block": "10.0.2.0/24",
                            "id": "subnet-053c9749",
                            "map_public_ip_on_launch": "true",
                            "tags.%": "1",
                            "tags.Name": "Public_subnet-2",
                            "vpc_id": "vpc-ebfeac83"
                        },
                        "meta": {
                            "schema_version": "1"
                        },
                        "tainted": false
                    },
                    "deposed": [],
                    "provider": "provider.aws"
                },
                "aws_vpc.My_Vpc": {
                    "type": "aws_vpc",
                    "depends_on": [],
                    "primary": {
                        "id": "vpc-ebfeac83",
                        "attributes": {
                            "assign_generated_ipv6_cidr_block": "false",
                            "cidr_block": "10.0.0.0/16",
                            "default_network_acl_id": "acl-c6ada8ae",
                            "default_route_table_id": "rtb-41b9a929",
                            "default_security_group_id": "sg-b479a4de",
                            "dhcp_options_id": "dopt-eba83683",
                            "enable_dns_hostnames": "true",
                            "enable_dns_support": "true",
                            "id": "vpc-ebfeac83",
                            "instance_tenancy": "default",
                            "main_route_table_id": "rtb-41b9a929",
                            "tags.%": "1",
                            "tags.Name": "My_Vpc"
                        },
                        "meta": {
                            "schema_version": "1"
                        },
                        "tainted": false
                    },
                    "deposed": [],
                    "provider": "provider.aws"
                }
            },
            "depends_on": []
        }
    ]
}
